
Microsoft Visual Studio Solution File, Format Version 12.00
# Visual Studio Version 16
VisualStudioVersion = 16.0.30204.135
MinimumVisualStudioVersion = 10.0.40219.1
Project("{FAE04EC0-301F-11D3-BF4B-00C04F79EFBC}") = "fietswinkel", "fietswinkel\fietswinkel.csproj", "{446D03B5-D3BA-4EE7-A9DB-99225F69EFBE}"
EndProject
Global
	GlobalSection(SolutionConfigurationPlatforms) = preSolution
		Debug|Any CPU = Debug|Any CPU
		Release|Any CPU = Release|Any CPU
	EndGlobalSection
	GlobalSection(ProjectConfigurationPlatforms) = postSolution
		{446D03B5-D3BA-4EE7-A9DB-99225F69EFBE}.Debug|Any CPU.ActiveCfg = Debug|Any CPU
		{446D03B5-D3BA-4EE7-A9DB-99225F69EFBE}.Debug|Any CPU.Build.0 = Debug|Any CPU
		{446D03B5-D3BA-4EE7-A9DB-99225F69EFBE}.Release|Any CPU.ActiveCfg = Release|Any CPU
		{446D03B5-D3BA-4EE7-A9DB-99225F69EFBE}.Release|Any CPU.Build.0 = Release|Any CPU
	EndGlobalSection
	GlobalSection(SolutionProperties) = preSolution
		HideSolutionNode = FALSE
	EndGlobalSection
	GlobalSection(ExtensibilityGlobals) = postSolution
		SolutionGuid = {CE99BA37-6FF4-4D88-B0C8-ECD8A3776FF2}
	EndGlobalSection
EndGlobal
